version = 1
revision = 3
requires-python = ">=3.14"

[[package]]
name = "checker-framework-branch-master"
version = "0.1.0"
source = { virtual = "." }

[package.dev-dependencies]
dev = [
    { name = "ty" },
]

[package.metadata]

[package.metadata.requires-dev]
dev = [{ name = "ty", specifier = ">=0.0.1a31" }]

[[package]]
name = "ty"
version = "0.0.1a31"
source = { registry = "https://pypi.org/simple" }
sdist = { url = "https://files.pythonhosted.org/packages/30/78/daa1e70377b8127e06db63063b7dd9694cb2bb611b4e3c2182b9ec5a02a1/ty-0.0.1a31.tar.gz", hash = "sha256:b878b04af63b1e716436897838ca6a107a672539155b6fc2051268cd85da9cd6", size = 4656004, upload-time = "2025-12-04T09:01:47.147Z" }
wheels = [
    { url = "https://files.pythonhosted.org/packages/08/4c/1e91d6b22dee1435db1cdf55e54ec601497dba650684517b1cd5b4345e80/ty-0.0.1a31-py3-none-linux_armv6l.whl", hash = "sha256:662b9a3a3497da12416789e21fda9eb4e1ac66c5233867d89953916099ee44f5", size = 9620261, upload-time = "2025-12-04T09:01:35.001Z" },
    { url = "https://files.pythonhosted.org/packages/94/8f/eb6ac56cc03a00d3258c3362c4fb5a58152d03e9fa207db0465e2dc717e2/ty-0.0.1a31-py3-none-macosx_10_12_x86_64.whl", hash = "sha256:da05f73df587ff1362d487681370db47541123c005a0d1a60a5a048039e309cc", size = 9411370, upload-time = "2025-12-04T09:01:23.903Z" },
    { url = "https://files.pythonhosted.org/packages/d6/72/2cdbef5bd7ee7a58e71e67e845ae3f99dca695d0bca7561a3294fb8d723e/ty-0.0.1a31-py3-none-macosx_11_0_arm64.whl", hash = "sha256:74032bf207ce1eddc042f26aa9b6e0713373cf2c502174a53a41f9c469f02adb", size = 8925400, upload-time = "2025-12-04T09:01:59.074Z" },
    { url = "https://files.pythonhosted.org/packages/f4/4d/a10c3f2e8969e9e1efe3179d2c961236413c9765c9f95e84e8f515fb9b02/ty-0.0.1a31-py3-none-manylinux_2_17_aarch64.manylinux2014_aarch64.whl", hash = "sha256:cd383fd54872df15816a7853a8c824400c85f850916bad2052564bad8462f4f2", size = 9201615, upload-time = "2025-12-04T09:01:21.085Z" },
    { url = "https://files.pythonhosted.org/packages/47/e5/bd26f0fc432459718b72a0bb41bd222fd1fad81c1d5f645a7eba94e14be6/ty-0.0.1a31-py3-none-manylinux_2_17_armv7l.manylinux2014_armv7l.whl", hash = "sha256:c6defaf175bce7c91cea9a168a1c30bb523269ed174941cd31f8edc2d77f8ec7", size = 9401110, upload-time = "2025-12-04T09:01:32.241Z" },
    { url = "https://files.pythonhosted.org/packages/ca/63/cbb3419f74ce38c0a2affbc269d4d27ec032cfbc3b011a8db5815c89f540/ty-0.0.1a31-py3-none-manylinux_2_17_i686.manylinux2014_i686.whl", hash = "sha256:2d41f7e68f05517177ef82d89bfe0bf8e787a6b72ad396c1e44a16ef353b95e2", size = 9779837, upload-time = "2025-12-04T09:01:37.55Z" },
    { url = "https://files.pythonhosted.org/packages/69/fb/1d99243a0e005fe8d53671d4a25d5ddcf345a12fb3c683726bd597e42f23/ty-0.0.1a31-py3-none-manylinux_2_17_ppc64.manylinux2014_ppc64.whl", hash = "sha256:22f2298a0de1a8af24f50e498023770b05ea4fc0ccebb2c53deb40ff73dc76fc", size = 10444412, upload-time = "2025-12-04T09:01:56.888Z" },
    { url = "https://files.pythonhosted.org/packages/65/7f/95242feb774356b7a93beb5278cd8c8bbb6a8b12d94977ff954929ed257e/ty-0.0.1a31-py3-none-manylinux_2_17_ppc64le.manylinux2014_ppc64le.whl", hash = "sha256:38669b9aa53bd87160a2ee8447a3bf8d91dd14b7462f8aa98f1d2740b609589a", size = 10171070, upload-time = "2025-12-04T09:01:44.917Z" },
    { url = "https://files.pythonhosted.org/packages/78/fa/4d8adeb9ff7fd32efcb9ebb05d5f61cd9ad4b4030390c76cd771fb38ac33/ty-0.0.1a31-py3-none-manylinux_2_17_s390x.manylinux2014_s390x.whl", hash = "sha256:5fbc75e8e848929155b7ba0e9a222b2561222a1135bb492a9c5b9ad945c80b18", size = 10188190, upload-time = "2025-12-04T09:01:42.577Z" },
    { url = "https://files.pythonhosted.org/packages/f6/40/295903716cc2e4fdb88d8cf8b974f0936e6c021f35d5a7f78b769c746bcc/ty-0.0.1a31-py3-none-manylinux_2_17_x86_64.manylinux2014_x86_64.whl", hash = "sha256:915c0639dfb73f5f19cd69bbe89036ef18b8066ba88ce38d3e3cc0f39b32f99a", size = 9713419, upload-time = "2025-12-04T09:01:26.633Z" },
    { url = "https://files.pythonhosted.org/packages/f0/93/b622782ce78f0cbacf167c617b41f45e76de02e3d5d5898fc78ad7a47de7/ty-0.0.1a31-py3-none-musllinux_1_2_aarch64.whl", hash = "sha256:28d23f4e58e9b08fc8966ad8dac754b4cd5ccafed711e2a32a62f3d2cb6f44cb", size = 9170660, upload-time = "2025-12-04T09:02:01.556Z" },
    { url = "https://files.pythonhosted.org/packages/d9/5d/2a04dfd412c87d1da220260a5cf8444d36fa356d1f993ee1db5ad820df93/ty-0.0.1a31-py3-none-musllinux_1_2_armv7l.whl", hash = "sha256:cb2ebbc8065f4dd09e4b82f492becc55cad39068e842f82bfa1c9f7b9864b034", size = 9443773, upload-time = "2025-12-04T09:01:39.958Z" },
    { url = "https://files.pythonhosted.org/packages/1f/5e/18c0123b8dcd6a7e7f4a35d3eed127c6c0140377f5986df6bd01c9df5eb1/ty-0.0.1a31-py3-none-musllinux_1_2_i686.whl", hash = "sha256:966984a8a0e4f99d133e9b73bc778d4861b58467bdb85950805d67ff90e73e3e", size = 9532255, upload-time = "2025-12-04T09:01:29.243Z" },
    { url = "https://files.pythonhosted.org/packages/8a/c0/2570e4f891f33c3f9160f052d3759e9c7a3dee29bac5b93ad1f29ed42526/ty-0.0.1a31-py3-none-musllinux_1_2_x86_64.whl", hash = "sha256:bc4fe23fddaa78c0b11637a1eff152b95988960e5d240d282b41f827d13b28f0", size = 9837753, upload-time = "2025-12-04T09:02:04.361Z" },
    { url = "https://files.pythonhosted.org/packages/58/ad/6a231c11b95d3aa3f54824edfb7ab13ae13eea405bbcc6c80090551bd1b2/ty-0.0.1a31-py3-none-win32.whl", hash = "sha256:f82f4e051c40033ca9f10cffafc346fd86ea6541e786c2b1fcffa08c661efbaa", size = 9011568, upload-time = "2025-12-04T09:01:54.033Z" },
    { url = "https://files.pythonhosted.org/packages/f7/8b/c07438de84e3e9cbecedd2e8895dc25ca1b110847dd95b5e9f50124eb8d5/ty-0.0.1a31-py3-none-win_amd64.whl", hash = "sha256:12fae6138c4cbd143fe4b5c616056535353a2d0821062d8750132d3ea022fa8f", size = 9880831, upload-time = "2025-12-04T09:01:18.284Z" },
    { url = "https://files.pythonhosted.org/packages/a3/9c/ad589282e76e185eb54c3ce212182f7a28547ed20a5a08b51f9684dc2849/ty-0.0.1a31-py3-none-win_arm64.whl", hash = "sha256:4cc339de4dd4b8dd7167cfd1f826a25e303b3dec27da74596a0ce3ed83bcd293", size = 9380327, upload-time = "2025-12-04T09:01:49.651Z" },
]
